// !$*UTF8*$!
{
	archiveVersion = 1;
	classes = {
	};
	objectVersion = 54;
	objects = {

/* Begin PBXBuildFile section */
		0C80B921A6F3F58F76C31292 /* libPods-QuestED.a in Frameworks */ = {isa = PBXBuildFile; fileRef = 5DCACB8F33CDC322A6C60F78 /* libPods-QuestED.a */; };
		13B07FBF1A68108700A75B9A /* Images.xcassets in Resources */ = {isa = PBXBuildFile; fileRef = 13B07FB51A68108700A75B9A /* Images.xcassets */; };
		761780ED2CA45674006654EE /* AppDelegate.swift in Sources */ = {isa = PBXBuildFile; fileRef = 761780EC2CA45674006654EE /* AppDelegate.swift */; };
		81AB9BB82411601600AC10FF /* LaunchScreen.storyboard in Resources */ = {isa = PBXBuildFile; fileRef = 81AB9BB72411601600AC10FF /* LaunchScreen.storyboard */; };
		5CF080C598FC45158C4AA92F /* DMSans-Black.ttf in Resources */ = {isa = PBXBuildFile; fileRef = CD7FD0064E8847088E7685C4 /* DMSans-Black.ttf */; };
		46E2F52A65DE4AD58BEE13F2 /* DMSans-BlackItalic.ttf in Resources */ = {isa = PBXBuildFile; fileRef = 25A2DAEA6F6D4B6C995FCEB2 /* DMSans-BlackItalic.ttf */; };
		BBD82D7AF1124BF5AFD87018 /* DMSans-Bold.ttf in Resources */ = {isa = PBXBuildFile; fileRef = 5BAF1B6187344FD2A01451CA /* DMSans-Bold.ttf */; };
		049A6599C6274FE2A0E70BC1 /* DMSans-BoldItalic.ttf in Resources */ = {isa = PBXBuildFile; fileRef = D1FAD437902E4E149B494953 /* DMSans-BoldItalic.ttf */; };
		84BEC7F5B0AA4A6496D84BDC /* DMSans-ExtraBold.ttf in Resources */ = {isa = PBXBuildFile; fileRef = 752FB8ADEA59452FB38A6B32 /* DMSans-ExtraBold.ttf */; };
		FB319EDE3C5040258F69168C /* DMSans-ExtraBoldItalic.ttf in Resources */ = {isa = PBXBuildFile; fileRef = C6AF907F30D941C68A1499B3 /* DMSans-ExtraBoldItalic.ttf */; };
		C0FA5F00155743D08D18785B /* DMSans-ExtraLight.ttf in Resources */ = {isa = PBXBuildFile; fileRef = 06317B495A954E88A329BEEE /* DMSans-ExtraLight.ttf */; };
		EE4E36B988574DBD9587573C /* DMSans-ExtraLightItalic.ttf in Resources */ = {isa = PBXBuildFile; fileRef = 252742DE216C430BB3E8851F /* DMSans-ExtraLightItalic.ttf */; };
		D0A2AFD5F6644F9897E1403A /* DMSans-Italic.ttf in Resources */ = {isa = PBXBuildFile; fileRef = 5A629C1E614A406586AE071F /* DMSans-Italic.ttf */; };
		F607AE3307AB441485AA68AD /* DMSans-Light.ttf in Resources */ = {isa = PBXBuildFile; fileRef = 6510E109890E4D07A830B89D /* DMSans-Light.ttf */; };
		4A0445169F564A97A046A314 /* DMSans-LightItalic.ttf in Resources */ = {isa = PBXBuildFile; fileRef = 4E760A18085D4A4887E8CA1F /* DMSans-LightItalic.ttf */; };
		3A44E4D8E28140E4B6A052FD /* DMSans-Medium.ttf in Resources */ = {isa = PBXBuildFile; fileRef = E2F9092ECD2049F2811BB586 /* DMSans-Medium.ttf */; };
		E3EEB1E6F0804F8F90161A7D /* DMSans-MediumItalic.ttf in Resources */ = {isa = PBXBuildFile; fileRef = 0B6688ABF0B747298085C121 /* DMSans-MediumItalic.ttf */; };
		F5B8715D54854B77B2469F54 /* DMSans-Regular.ttf in Resources */ = {isa = PBXBuildFile; fileRef = 8BED05F804564914AF9C655A /* DMSans-Regular.ttf */; };
		2627A29288594FDEB73A5721 /* DMSans-SemiBold.ttf in Resources */ = {isa = PBXBuildFile; fileRef = 6C063BFC5195489CB055F421 /* DMSans-SemiBold.ttf */; };
		89B7B5B0F57A416FB366998F /* DMSans-SemiBoldItalic.ttf in Resources */ = {isa = PBXBuildFile; fileRef = 338D6BA165E5446CA4730D3B /* DMSans-SemiBoldItalic.ttf */; };
		33E82DEFA69B4CC586E221AC /* DMSans-Thin.ttf in Resources */ = {isa = PBXBuildFile; fileRef = DEC619B3E9D542D6AF4204FE /* DMSans-Thin.ttf */; };
		49513FB6C77542389DF9DC74 /* DMSans-ThinItalic.ttf in Resources */ = {isa = PBXBuildFile; fileRef = 7BFBC62C2FA044B2B8E7955F /* DMSans-ThinItalic.ttf */; };
		C361EE0418D14E7383B28D18 /* DMSans_18pt-Black.ttf in Resources */ = {isa = PBXBuildFile; fileRef = 7AE89C7CC7F041C897D6210C /* DMSans_18pt-Black.ttf */; };
		217F255A16964FC093B517CC /* DMSans_18pt-BlackItalic.ttf in Resources */ = {isa = PBXBuildFile; fileRef = 2ADCD435FA344E1288F1650B /* DMSans_18pt-BlackItalic.ttf */; };
		4F7D754487F440CEBC8D2B95 /* DMSans_18pt-Bold.ttf in Resources */ = {isa = PBXBuildFile; fileRef = 8E91405E299C47F39C351D81 /* DMSans_18pt-Bold.ttf */; };
		9F7BFF373EA94AB189F594FA /* DMSans_18pt-BoldItalic.ttf in Resources */ = {isa = PBXBuildFile; fileRef = B36339CA27654506A459BF85 /* DMSans_18pt-BoldItalic.ttf */; };
		7AB9EB98B6CC45239E285751 /* DMSans_18pt-ExtraBold.ttf in Resources */ = {isa = PBXBuildFile; fileRef = 7E76E4CBCA0146ACA7121E36 /* DMSans_18pt-ExtraBold.ttf */; };
		0306C52E0DAE44E895008111 /* DMSans_18pt-ExtraBoldItalic.ttf in Resources */ = {isa = PBXBuildFile; fileRef = 793F5A3A7E71413EAFBA5B8D /* DMSans_18pt-ExtraBoldItalic.ttf */; };
		A7BEEB12CA834495A8F65904 /* DMSans_18pt-ExtraLight.ttf in Resources */ = {isa = PBXBuildFile; fileRef = BB828E6AA2C34345AB326DCE /* DMSans_18pt-ExtraLight.ttf */; };
		01A63882137C4DA18D3EE845 /* DMSans_18pt-ExtraLightItalic.ttf in Resources */ = {isa = PBXBuildFile; fileRef = D4CBBEF6C86E4F308FD086ED /* DMSans_18pt-ExtraLightItalic.ttf */; };
		4890C403142E4239852A715A /* DMSans_18pt-Italic.ttf in Resources */ = {isa = PBXBuildFile; fileRef = 3548F85638EC404C88B3D899 /* DMSans_18pt-Italic.ttf */; };
		160EAF1A00444F0990289DA6 /* DMSans_18pt-Light.ttf in Resources */ = {isa = PBXBuildFile; fileRef = 078BA48CCAC14EF095B4008C /* DMSans_18pt-Light.ttf */; };
		E6F83E6E1B2A47ABAC24C7E8 /* DMSans_18pt-LightItalic.ttf in Resources */ = {isa = PBXBuildFile; fileRef = C4BDFEBC165940C4B5454581 /* DMSans_18pt-LightItalic.ttf */; };
		2F000E6C7F514D779D125BA6 /* DMSans_18pt-Medium.ttf in Resources */ = {isa = PBXBuildFile; fileRef = 7F860359CC5D4B01803D42BE /* DMSans_18pt-Medium.ttf */; };
		4C477E530086420F87808EBC /* DMSans_18pt-MediumItalic.ttf in Resources */ = {isa = PBXBuildFile; fileRef = 8BE65587AAA1429CAD21EC8C /* DMSans_18pt-MediumItalic.ttf */; };
		6B1591EB2B924A468FDDC1E7 /* DMSans_18pt-Regular.ttf in Resources */ = {isa = PBXBuildFile; fileRef = E5FF2E31E8474F3BAFCD8493 /* DMSans_18pt-Regular.ttf */; };
		C690820FBE4D4D0A897DE9A8 /* DMSans_18pt-SemiBold.ttf in Resources */ = {isa = PBXBuildFile; fileRef = 7EB8BEB8D7C6431B958C644B /* DMSans_18pt-SemiBold.ttf */; };
		04FAA87645A342A69B1CCD85 /* DMSans_18pt-SemiBoldItalic.ttf in Resources */ = {isa = PBXBuildFile; fileRef = 5E4B9A4EE93F462E9ACB1C8E /* DMSans_18pt-SemiBoldItalic.ttf */; };
		CBA84D989A4046839A0DF11E /* DMSans_18pt-Thin.ttf in Resources */ = {isa = PBXBuildFile; fileRef = 9DD97AE95CDE4854A97EDB62 /* DMSans_18pt-Thin.ttf */; };
		F594C676C8774B23A51607A1 /* DMSans_18pt-ThinItalic.ttf in Resources */ = {isa = PBXBuildFile; fileRef = ADF36D87A3114FFDBD73D062 /* DMSans_18pt-ThinItalic.ttf */; };
		5AE3814A4D3E4B7C8742D72D /* DMSans_24pt-Black.ttf in Resources */ = {isa = PBXBuildFile; fileRef = F6BB2A2224844F86B10D274E /* DMSans_24pt-Black.ttf */; };
		77704AD67F42445E9FBCF36A /* DMSans_24pt-BlackItalic.ttf in Resources */ = {isa = PBXBuildFile; fileRef = 86543C5E2F0A41B797FD6E4E /* DMSans_24pt-BlackItalic.ttf */; };
		C0262D5EFAFA49E693073C73 /* DMSans_24pt-Bold.ttf in Resources */ = {isa = PBXBuildFile; fileRef = 5D19C3FAAF3D4EA8A7DF5066 /* DMSans_24pt-Bold.ttf */; };
		44B2FCCB737642B381080D95 /* DMSans_24pt-BoldItalic.ttf in Resources */ = {isa = PBXBuildFile; fileRef = 78C36ADB16FE42C48B968BBD /* DMSans_24pt-BoldItalic.ttf */; };
		4B357B1F2A75499888B668EC /* DMSans_24pt-ExtraBold.ttf in Resources */ = {isa = PBXBuildFile; fileRef = C68DF96FD1634678811C1D34 /* DMSans_24pt-ExtraBold.ttf */; };
		EC9F6053257D4FECA932A557 /* DMSans_24pt-ExtraBoldItalic.ttf in Resources */ = {isa = PBXBuildFile; fileRef = E573F80AA559409395951996 /* DMSans_24pt-ExtraBoldItalic.ttf */; };
		D52A951D254041BDAA547B0B /* DMSans_24pt-ExtraLight.ttf in Resources */ = {isa = PBXBuildFile; fileRef = 33D6D8871432445BA95C6BCC /* DMSans_24pt-ExtraLight.ttf */; };
		2972889361D14DDFB56064BC /* DMSans_24pt-ExtraLightItalic.ttf in Resources */ = {isa = PBXBuildFile; fileRef = 7D8E817189224397BBF480B4 /* DMSans_24pt-ExtraLightItalic.ttf */; };
		66FD73BCCD4F445BAA185340 /* DMSans_24pt-Italic.ttf in Resources */ = {isa = PBXBuildFile; fileRef = 49D788B08DBF42B5987A285D /* DMSans_24pt-Italic.ttf */; };
		9A4EC49CDA5F472A8A5A2167 /* DMSans_24pt-Light.ttf in Resources */ = {isa = PBXBuildFile; fileRef = C4B2EFF2FFFF4353ABABD313 /* DMSans_24pt-Light.ttf */; };
		0F3AC458BFE64DC3A57FDB28 /* DMSans_24pt-LightItalic.ttf in Resources */ = {isa = PBXBuildFile; fileRef = D27CC1F7F03E4BD6BD3846B9 /* DMSans_24pt-LightItalic.ttf */; };
		D310D6FA43CF4ACF997F95DA /* DMSans_24pt-Medium.ttf in Resources */ = {isa = PBXBuildFile; fileRef = EF74AF63411545E48659D6D5 /* DMSans_24pt-Medium.ttf */; };
		4D51C338BF8A4794A7CDD720 /* DMSans_24pt-MediumItalic.ttf in Resources */ = {isa = PBXBuildFile; fileRef = 728C1B12F73D4F6EB36570C1 /* DMSans_24pt-MediumItalic.ttf */; };
		DB9431B5005E4D46A5DD2EBA /* DMSans_24pt-Regular.ttf in Resources */ = {isa = PBXBuildFile; fileRef = 0FB14531F32A4FFFA638F317 /* DMSans_24pt-Regular.ttf */; };
		9ADF6FCB010241568BAD91AC /* DMSans_24pt-SemiBold.ttf in Resources */ = {isa = PBXBuildFile; fileRef = 402E9E4B17314FFBA0E05353 /* DMSans_24pt-SemiBold.ttf */; };
		2DA5F93D0B5F46F69A32DABC /* DMSans_24pt-SemiBoldItalic.ttf in Resources */ = {isa = PBXBuildFile; fileRef = 6FEEFCC5E1AE474683458BEE /* DMSans_24pt-SemiBoldItalic.ttf */; };
		0145B659A72E4E428AE02DF1 /* DMSans_24pt-Thin.ttf in Resources */ = {isa = PBXBuildFile; fileRef = 564C1DE9F43040FFB3563724 /* DMSans_24pt-Thin.ttf */; };
		DBB22096393740E0B9EC3B80 /* DMSans_24pt-ThinItalic.ttf in Resources */ = {isa = PBXBuildFile; fileRef = 0BFDC7D4CB8D4458B08BE7AF /* DMSans_24pt-ThinItalic.ttf */; };
		41DC963DF9F1458489736978 /* DMSans_36pt-Black.ttf in Resources */ = {isa = PBXBuildFile; fileRef = 0F71D3ED4DF3458C863328AA /* DMSans_36pt-Black.ttf */; };
		851CBC2C76964245AD53D602 /* DMSans_36pt-BlackItalic.ttf in Resources */ = {isa = PBXBuildFile; fileRef = 0FD5C54E1C0A4C4BBD230064 /* DMSans_36pt-BlackItalic.ttf */; };
		AFCFA0D7D6C54F5FB838DA75 /* DMSans_36pt-Bold.ttf in Resources */ = {isa = PBXBuildFile; fileRef = 1C80769DF1574275886E347C /* DMSans_36pt-Bold.ttf */; };
		7FDA4660FDC145728285650A /* DMSans_36pt-BoldItalic.ttf in Resources */ = {isa = PBXBuildFile; fileRef = CF69AB034B9F4E2D89DF3D51 /* DMSans_36pt-BoldItalic.ttf */; };
		0788CB48F55E46C985E27BD6 /* DMSans_36pt-ExtraBold.ttf in Resources */ = {isa = PBXBuildFile; fileRef = 556AD7ED20E347738BF8BB8A /* DMSans_36pt-ExtraBold.ttf */; };
		5E442A4B112640E6A8EE9B0C /* DMSans_36pt-ExtraBoldItalic.ttf in Resources */ = {isa = PBXBuildFile; fileRef = B2DBDE7CF6244A8F858A63E6 /* DMSans_36pt-ExtraBoldItalic.ttf */; };
		B874170F75824BFF8D92604E /* DMSans_36pt-ExtraLight.ttf in Resources */ = {isa = PBXBuildFile; fileRef = AC47C9C4985C45DEA3A3E55C /* DMSans_36pt-ExtraLight.ttf */; };
		1865112D77E14652B2EC2C7F /* DMSans_36pt-ExtraLightItalic.ttf in Resources */ = {isa = PBXBuildFile; fileRef = A2BE804FE98C4F93BDBC4A15 /* DMSans_36pt-ExtraLightItalic.ttf */; };
		31BDDDDFD36C4958962FB06D /* DMSans_36pt-Italic.ttf in Resources */ = {isa = PBXBuildFile; fileRef = A357CBD4945F4F7895E48B7D /* DMSans_36pt-Italic.ttf */; };
		5D6A0EA05D174CE9A0B61953 /* DMSans_36pt-Light.ttf in Resources */ = {isa = PBXBuildFile; fileRef = A385727BAF9B4FC9B19C8254 /* DMSans_36pt-Light.ttf */; };
		D35B69CB17FC4903836945F9 /* DMSans_36pt-LightItalic.ttf in Resources */ = {isa = PBXBuildFile; fileRef = 1508D5C7417243049AA3DA46 /* DMSans_36pt-LightItalic.ttf */; };
		DF324D6C599441E8B5DB90BD /* DMSans_36pt-Medium.ttf in Resources */ = {isa = PBXBuildFile; fileRef = 601A5BFC34F94223B77615ED /* DMSans_36pt-Medium.ttf */; };
		82FB22F851234BEAAD1343E0 /* DMSans_36pt-MediumItalic.ttf in Resources */ = {isa = PBXBuildFile; fileRef = C74A299EEBCC44F081A47333 /* DMSans_36pt-MediumItalic.ttf */; };
		F8C7DCA6BE474D198761BCA7 /* DMSans_36pt-Regular.ttf in Resources */ = {isa = PBXBuildFile; fileRef = 54878F75EC00451E886E4CBE /* DMSans_36pt-Regular.ttf */; };
		B7E83DE68A61476DACA981D2 /* DMSans_36pt-SemiBold.ttf in Resources */ = {isa = PBXBuildFile; fileRef = FE584F07F2BD4984A1E1DD0C /* DMSans_36pt-SemiBold.ttf */; };
		505E4470B1AF45668AEFC2DE /* DMSans_36pt-SemiBoldItalic.ttf in Resources */ = {isa = PBXBuildFile; fileRef = FECD8CEB88124D6AA3F2BEB7 /* DMSans_36pt-SemiBoldItalic.ttf */; };
		B31DE4C7D1D64E408F0CE623 /* DMSans_36pt-Thin.ttf in Resources */ = {isa = PBXBuildFile; fileRef = 1CFC0CBCE09548F0820DB799 /* DMSans_36pt-Thin.ttf */; };
		5B415CB641A147BE9A1EC87A /* DMSans_36pt-ThinItalic.ttf in Resources */ = {isa = PBXBuildFile; fileRef = DD3219E56DB44E7191CE25D0 /* DMSans_36pt-ThinItalic.ttf */; };
/* End PBXBuildFile section */

/* Begin PBXContainerItemProxy section */
		00E356F41AD99517003FC87E /* PBXContainerItemProxy */ = {
			isa = PBXContainerItemProxy;
			containerPortal = 83CBB9F71A601CBA00E9B192 /* Project object */;
			proxyType = 1;
			remoteGlobalIDString = 13B07F861A680F5B00A75B9A;
			remoteInfo = QuestED;
		};
/* End PBXContainerItemProxy section */

/* Begin PBXFileReference section */
		00E356F11AD99517003FC87E /* Info.plist */ = {isa = PBXFileReference; lastKnownFileType = text.plist.xml; path = Info.plist; sourceTree = "<group>"; };
		13B07F961A680F5B00A75B9A /* QuestED.app */ = {isa = PBXFileReference; explicitFileType = wrapper.application; includeInIndex = 0; path = QuestED.app; sourceTree = BUILT_PRODUCTS_DIR; };
		13B07FB51A68108700A75B9A /* Images.xcassets */ = {isa = PBXFileReference; lastKnownFileType = folder.assetcatalog; name = Images.xcassets; path = QuestED/Images.xcassets; sourceTree = "<group>"; };
		13B07FB61A68108700A75B9A /* Info.plist */ = {isa = PBXFileReference; fileEncoding = 4; lastKnownFileType = text.plist.xml; name = Info.plist; path = QuestED/Info.plist; sourceTree = "<group>"; };
		13B07FB81A68108700A75B9A /* PrivacyInfo.xcprivacy */ = {isa = PBXFileReference; fileEncoding = 4; lastKnownFileType = text.plist.xml; name = PrivacyInfo.xcprivacy; path = QuestED/PrivacyInfo.xcprivacy; sourceTree = "<group>"; };
		3B4392A12AC88292D35C810B /* Pods-QuestED.debug.xcconfig */ = {isa = PBXFileReference; includeInIndex = 1; lastKnownFileType = text.xcconfig; name = "Pods-QuestED.debug.xcconfig"; path = "Target Support Files/Pods-QuestED/Pods-QuestED.debug.xcconfig"; sourceTree = "<group>"; };
		5709B34CF0A7D63546082F79 /* Pods-QuestED.release.xcconfig */ = {isa = PBXFileReference; includeInIndex = 1; lastKnownFileType = text.xcconfig; name = "Pods-QuestED.release.xcconfig"; path = "Target Support Files/Pods-QuestED/Pods-QuestED.release.xcconfig"; sourceTree = "<group>"; };
		5DCACB8F33CDC322A6C60F78 /* libPods-QuestED.a */ = {isa = PBXFileReference; explicitFileType = archive.ar; includeInIndex = 0; path = "libPods-QuestED.a"; sourceTree = BUILT_PRODUCTS_DIR; };
		761780EC2CA45674006654EE /* AppDelegate.swift */ = {isa = PBXFileReference; lastKnownFileType = sourcecode.swift; name = AppDelegate.swift; path = QuestED/AppDelegate.swift; sourceTree = "<group>"; };
		81AB9BB72411601600AC10FF /* LaunchScreen.storyboard */ = {isa = PBXFileReference; fileEncoding = 4; lastKnownFileType = file.storyboard; name = LaunchScreen.storyboard; path = QuestED/LaunchScreen.storyboard; sourceTree = "<group>"; };
		ED297162215061F000B7C4FE /* JavaScriptCore.framework */ = {isa = PBXFileReference; lastKnownFileType = wrapper.framework; name = JavaScriptCore.framework; path = System/Library/Frameworks/JavaScriptCore.framework; sourceTree = SDKROOT; };
		CD7FD0064E8847088E7685C4 /* DMSans-Black.ttf */ = {isa = PBXFileReference; name = "DMSans-Black.ttf"; path = "../assets/fonts/DMSans-Black.ttf"; sourceTree = "<group>"; fileEncoding = undefined; lastKnownFileType = unknown; explicitFileType = undefined; includeInIndex = 0; };
		25A2DAEA6F6D4B6C995FCEB2 /* DMSans-BlackItalic.ttf */ = {isa = PBXFileReference; name = "DMSans-BlackItalic.ttf"; path = "../assets/fonts/DMSans-BlackItalic.ttf"; sourceTree = "<group>"; fileEncoding = undefined; lastKnownFileType = unknown; explicitFileType = undefined; includeInIndex = 0; };
		5BAF1B6187344FD2A01451CA /* DMSans-Bold.ttf */ = {isa = PBXFileReference; name = "DMSans-Bold.ttf"; path = "../assets/fonts/DMSans-Bold.ttf"; sourceTree = "<group>"; fileEncoding = undefined; lastKnownFileType = unknown; explicitFileType = undefined; includeInIndex = 0; };
		D1FAD437902E4E149B494953 /* DMSans-BoldItalic.ttf */ = {isa = PBXFileReference; name = "DMSans-BoldItalic.ttf"; path = "../assets/fonts/DMSans-BoldItalic.ttf"; sourceTree = "<group>"; fileEncoding = undefined; lastKnownFileType = unknown; explicitFileType = undefined; includeInIndex = 0; };
		752FB8ADEA59452FB38A6B32 /* DMSans-ExtraBold.ttf */ = {isa = PBXFileReference; name = "DMSans-ExtraBold.ttf"; path = "../assets/fonts/DMSans-ExtraBold.ttf"; sourceTree = "<group>"; fileEncoding = undefined; lastKnownFileType = unknown; explicitFileType = undefined; includeInIndex = 0; };
		C6AF907F30D941C68A1499B3 /* DMSans-ExtraBoldItalic.ttf */ = {isa = PBXFileReference; name = "DMSans-ExtraBoldItalic.ttf"; path = "../assets/fonts/DMSans-ExtraBoldItalic.ttf"; sourceTree = "<group>"; fileEncoding = undefined; lastKnownFileType = unknown; explicitFileType = undefined; includeInIndex = 0; };
		06317B495A954E88A329BEEE /* DMSans-ExtraLight.ttf */ = {isa = PBXFileReference; name = "DMSans-ExtraLight.ttf"; path = "../assets/fonts/DMSans-ExtraLight.ttf"; sourceTree = "<group>"; fileEncoding = undefined; lastKnownFileType = unknown; explicitFileType = undefined; includeInIndex = 0; };
		252742DE216C430BB3E8851F /* DMSans-ExtraLightItalic.ttf */ = {isa = PBXFileReference; name = "DMSans-ExtraLightItalic.ttf"; path = "../assets/fonts/DMSans-ExtraLightItalic.ttf"; sourceTree = "<group>"; fileEncoding = undefined; lastKnownFileType = unknown; explicitFileType = undefined; includeInIndex = 0; };
		5A629C1E614A406586AE071F /* DMSans-Italic.ttf */ = {isa = PBXFileReference; name = "DMSans-Italic.ttf"; path = "../assets/fonts/DMSans-Italic.ttf"; sourceTree = "<group>"; fileEncoding = undefined; lastKnownFileType = unknown; explicitFileType = undefined; includeInIndex = 0; };
		6510E109890E4D07A830B89D /* DMSans-Light.ttf */ = {isa = PBXFileReference; name = "DMSans-Light.ttf"; path = "../assets/fonts/DMSans-Light.ttf"; sourceTree = "<group>"; fileEncoding = undefined; lastKnownFileType = unknown; explicitFileType = undefined; includeInIndex = 0; };
		4E760A18085D4A4887E8CA1F /* DMSans-LightItalic.ttf */ = {isa = PBXFileReference; name = "DMSans-LightItalic.ttf"; path = "../assets/fonts/DMSans-LightItalic.ttf"; sourceTree = "<group>"; fileEncoding = undefined; lastKnownFileType = unknown; explicitFileType = undefined; includeInIndex = 0; };
		E2F9092ECD2049F2811BB586 /* DMSans-Medium.ttf */ = {isa = PBXFileReference; name = "DMSans-Medium.ttf"; path = "../assets/fonts/DMSans-Medium.ttf"; sourceTree = "<group>"; fileEncoding = undefined; lastKnownFileType = unknown; explicitFileType = undefined; includeInIndex = 0; };
		0B6688ABF0B747298085C121 /* DMSans-MediumItalic.ttf */ = {isa = PBXFileReference; name = "DMSans-MediumItalic.ttf"; path = "../assets/fonts/DMSans-MediumItalic.ttf"; sourceTree = "<group>"; fileEncoding = undefined; lastKnownFileType = unknown; explicitFileType = undefined; includeInIndex = 0; };
		8BED05F804564914AF9C655A /* DMSans-Regular.ttf */ = {isa = PBXFileReference; name = "DMSans-Regular.ttf"; path = "../assets/fonts/DMSans-Regular.ttf"; sourceTree = "<group>"; fileEncoding = undefined; lastKnownFileType = unknown; explicitFileType = undefined; includeInIndex = 0; };
		6C063BFC5195489CB055F421 /* DMSans-SemiBold.ttf */ = {isa = PBXFileReference; name = "DMSans-SemiBold.ttf"; path = "../assets/fonts/DMSans-SemiBold.ttf"; sourceTree = "<group>"; fileEncoding = undefined; lastKnownFileType = unknown; explicitFileType = undefined; includeInIndex = 0; };
		338D6BA165E5446CA4730D3B /* DMSans-SemiBoldItalic.ttf */ = {isa = PBXFileReference; name = "DMSans-SemiBoldItalic.ttf"; path = "../assets/fonts/DMSans-SemiBoldItalic.ttf"; sourceTree = "<group>"; fileEncoding = undefined; lastKnownFileType = unknown; explicitFileType = undefined; includeInIndex = 0; };
		DEC619B3E9D542D6AF4204FE /* DMSans-Thin.ttf */ = {isa = PBXFileReference; name = "DMSans-Thin.ttf"; path = "../assets/fonts/DMSans-Thin.ttf"; sourceTree = "<group>"; fileEncoding = undefined; lastKnownFileType = unknown; explicitFileType = undefined; includeInIndex = 0; };
		7BFBC62C2FA044B2B8E7955F /* DMSans-ThinItalic.ttf */ = {isa = PBXFileReference; name = "DMSans-ThinItalic.ttf"; path = "../assets/fonts/DMSans-ThinItalic.ttf"; sourceTree = "<group>"; fileEncoding = undefined; lastKnownFileType = unknown; explicitFileType = undefined; includeInIndex = 0; };
		7AE89C7CC7F041C897D6210C /* DMSans_18pt-Black.ttf */ = {isa = PBXFileReference; name = "DMSans_18pt-Black.ttf"; path = "../assets/fonts/DMSans_18pt-Black.ttf"; sourceTree = "<group>"; fileEncoding = undefined; lastKnownFileType = unknown; explicitFileType = undefined; includeInIndex = 0; };
		2ADCD435FA344E1288F1650B /* DMSans_18pt-BlackItalic.ttf */ = {isa = PBXFileReference; name = "DMSans_18pt-BlackItalic.ttf"; path = "../assets/fonts/DMSans_18pt-BlackItalic.ttf"; sourceTree = "<group>"; fileEncoding = undefined; lastKnownFileType = unknown; explicitFileType = undefined; includeInIndex = 0; };
		8E91405E299C47F39C351D81 /* DMSans_18pt-Bold.ttf */ = {isa = PBXFileReference; name = "DMSans_18pt-Bold.ttf"; path = "../assets/fonts/DMSans_18pt-Bold.ttf"; sourceTree = "<group>"; fileEncoding = undefined; lastKnownFileType = unknown; explicitFileType = undefined; includeInIndex = 0; };
		B36339CA27654506A459BF85 /* DMSans_18pt-BoldItalic.ttf */ = {isa = PBXFileReference; name = "DMSans_18pt-BoldItalic.ttf"; path = "../assets/fonts/DMSans_18pt-BoldItalic.ttf"; sourceTree = "<group>"; fileEncoding = undefined; lastKnownFileType = unknown; explicitFileType = undefined; includeInIndex = 0; };
		7E76E4CBCA0146ACA7121E36 /* DMSans_18pt-ExtraBold.ttf */ = {isa = PBXFileReference; name = "DMSans_18pt-ExtraBold.ttf"; path = "../assets/fonts/DMSans_18pt-ExtraBold.ttf"; sourceTree = "<group>"; fileEncoding = undefined; lastKnownFileType = unknown; explicitFileType = undefined; includeInIndex = 0; };
		793F5A3A7E71413EAFBA5B8D /* DMSans_18pt-ExtraBoldItalic.ttf */ = {isa = PBXFileReference; name = "DMSans_18pt-ExtraBoldItalic.ttf"; path = "../assets/fonts/DMSans_18pt-ExtraBoldItalic.ttf"; sourceTree = "<group>"; fileEncoding = undefined; lastKnownFileType = unknown; explicitFileType = undefined; includeInIndex = 0; };
		BB828E6AA2C34345AB326DCE /* DMSans_18pt-ExtraLight.ttf */ = {isa = PBXFileReference; name = "DMSans_18pt-ExtraLight.ttf"; path = "../assets/fonts/DMSans_18pt-ExtraLight.ttf"; sourceTree = "<group>"; fileEncoding = undefined; lastKnownFileType = unknown; explicitFileType = undefined; includeInIndex = 0; };
		D4CBBEF6C86E4F308FD086ED /* DMSans_18pt-ExtraLightItalic.ttf */ = {isa = PBXFileReference; name = "DMSans_18pt-ExtraLightItalic.ttf"; path = "../assets/fonts/DMSans_18pt-ExtraLightItalic.ttf"; sourceTree = "<group>"; fileEncoding = undefined; lastKnownFileType = unknown; explicitFileType = undefined; includeInIndex = 0; };
		3548F85638EC404C88B3D899 /* DMSans_18pt-Italic.ttf */ = {isa = PBXFileReference; name = "DMSans_18pt-Italic.ttf"; path = "../assets/fonts/DMSans_18pt-Italic.ttf"; sourceTree = "<group>"; fileEncoding = undefined; lastKnownFileType = unknown; explicitFileType = undefined; includeInIndex = 0; };
		078BA48CCAC14EF095B4008C /* DMSans_18pt-Light.ttf */ = {isa = PBXFileReference; name = "DMSans_18pt-Light.ttf"; path = "../assets/fonts/DMSans_18pt-Light.ttf"; sourceTree = "<group>"; fileEncoding = undefined; lastKnownFileType = unknown; explicitFileType = undefined; includeInIndex = 0; };
		C4BDFEBC165940C4B5454581 /* DMSans_18pt-LightItalic.ttf */ = {isa = PBXFileReference; name = "DMSans_18pt-LightItalic.ttf"; path = "../assets/fonts/DMSans_18pt-LightItalic.ttf"; sourceTree = "<group>"; fileEncoding = undefined; lastKnownFileType = unknown; explicitFileType = undefined; includeInIndex = 0; };
		7F860359CC5D4B01803D42BE /* DMSans_18pt-Medium.ttf */ = {isa = PBXFileReference; name = "DMSans_18pt-Medium.ttf"; path = "../assets/fonts/DMSans_18pt-Medium.ttf"; sourceTree = "<group>"; fileEncoding = undefined; lastKnownFileType = unknown; explicitFileType = undefined; includeInIndex = 0; };
		8BE65587AAA1429CAD21EC8C /* DMSans_18pt-MediumItalic.ttf */ = {isa = PBXFileReference; name = "DMSans_18pt-MediumItalic.ttf"; path = "../assets/fonts/DMSans_18pt-MediumItalic.ttf"; sourceTree = "<group>"; fileEncoding = undefined; lastKnownFileType = unknown; explicitFileType = undefined; includeInIndex = 0; };
		E5FF2E31E8474F3BAFCD8493 /* DMSans_18pt-Regular.ttf */ = {isa = PBXFileReference; name = "DMSans_18pt-Regular.ttf"; path = "../assets/fonts/DMSans_18pt-Regular.ttf"; sourceTree = "<group>"; fileEncoding = undefined; lastKnownFileType = unknown; explicitFileType = undefined; includeInIndex = 0; };
		7EB8BEB8D7C6431B958C644B /* DMSans_18pt-SemiBold.ttf */ = {isa = PBXFileReference; name = "DMSans_18pt-SemiBold.ttf"; path = "../assets/fonts/DMSans_18pt-SemiBold.ttf"; sourceTree = "<group>"; fileEncoding = undefined; lastKnownFileType = unknown; explicitFileType = undefined; includeInIndex = 0; };
		5E4B9A4EE93F462E9ACB1C8E /* DMSans_18pt-SemiBoldItalic.ttf */ = {isa = PBXFileReference; name = "DMSans_18pt-SemiBoldItalic.ttf"; path = "../assets/fonts/DMSans_18pt-SemiBoldItalic.ttf"; sourceTree = "<group>"; fileEncoding = undefined; lastKnownFileType = unknown; explicitFileType = undefined; includeInIndex = 0; };
		9DD97AE95CDE4854A97EDB62 /* DMSans_18pt-Thin.ttf */ = {isa = PBXFileReference; name = "DMSans_18pt-Thin.ttf"; path = "../assets/fonts/DMSans_18pt-Thin.ttf"; sourceTree = "<group>"; fileEncoding = undefined; lastKnownFileType = unknown; explicitFileType = undefined; includeInIndex = 0; };
		ADF36D87A3114FFDBD73D062 /* DMSans_18pt-ThinItalic.ttf */ = {isa = PBXFileReference; name = "DMSans_18pt-ThinItalic.ttf"; path = "../assets/fonts/DMSans_18pt-ThinItalic.ttf"; sourceTree = "<group>"; fileEncoding = undefined; lastKnownFileType = unknown; explicitFileType = undefined; includeInIndex = 0; };
		F6BB2A2224844F86B10D274E /* DMSans_24pt-Black.ttf */ = {isa = PBXFileReference; name = "DMSans_24pt-Black.ttf"; path = "../assets/fonts/DMSans_24pt-Black.ttf"; sourceTree = "<group>"; fileEncoding = undefined; lastKnownFileType = unknown; explicitFileType = undefined; includeInIndex = 0; };
		86543C5E2F0A41B797FD6E4E /* DMSans_24pt-BlackItalic.ttf */ = {isa = PBXFileReference; name = "DMSans_24pt-BlackItalic.ttf"; path = "../assets/fonts/DMSans_24pt-BlackItalic.ttf"; sourceTree = "<group>"; fileEncoding = undefined; lastKnownFileType = unknown; explicitFileType = undefined; includeInIndex = 0; };
		5D19C3FAAF3D4EA8A7DF5066 /* DMSans_24pt-Bold.ttf */ = {isa = PBXFileReference; name = "DMSans_24pt-Bold.ttf"; path = "../assets/fonts/DMSans_24pt-Bold.ttf"; sourceTree = "<group>"; fileEncoding = undefined; lastKnownFileType = unknown; explicitFileType = undefined; includeInIndex = 0; };
		78C36ADB16FE42C48B968BBD /* DMSans_24pt-BoldItalic.ttf */ = {isa = PBXFileReference; name = "DMSans_24pt-BoldItalic.ttf"; path = "../assets/fonts/DMSans_24pt-BoldItalic.ttf"; sourceTree = "<group>"; fileEncoding = undefined; lastKnownFileType = unknown; explicitFileType = undefined; includeInIndex = 0; };
		C68DF96FD1634678811C1D34 /* DMSans_24pt-ExtraBold.ttf */ = {isa = PBXFileReference; name = "DMSans_24pt-ExtraBold.ttf"; path = "../assets/fonts/DMSans_24pt-ExtraBold.ttf"; sourceTree = "<group>"; fileEncoding = undefined; lastKnownFileType = unknown; explicitFileType = undefined; includeInIndex = 0; };
		E573F80AA559409395951996 /* DMSans_24pt-ExtraBoldItalic.ttf */ = {isa = PBXFileReference; name = "DMSans_24pt-ExtraBoldItalic.ttf"; path = "../assets/fonts/DMSans_24pt-ExtraBoldItalic.ttf"; sourceTree = "<group>"; fileEncoding = undefined; lastKnownFileType = unknown; explicitFileType = undefined; includeInIndex = 0; };
		33D6D8871432445BA95C6BCC /* DMSans_24pt-ExtraLight.ttf */ = {isa = PBXFileReference; name = "DMSans_24pt-ExtraLight.ttf"; path = "../assets/fonts/DMSans_24pt-ExtraLight.ttf"; sourceTree = "<group>"; fileEncoding = undefined; lastKnownFileType = unknown; explicitFileType = undefined; includeInIndex = 0; };
		7D8E817189224397BBF480B4 /* DMSans_24pt-ExtraLightItalic.ttf */ = {isa = PBXFileReference; name = "DMSans_24pt-ExtraLightItalic.ttf"; path = "../assets/fonts/DMSans_24pt-ExtraLightItalic.ttf"; sourceTree = "<group>"; fileEncoding = undefined; lastKnownFileType = unknown; explicitFileType = undefined; includeInIndex = 0; };
		49D788B08DBF42B5987A285D /* DMSans_24pt-Italic.ttf */ = {isa = PBXFileReference; name = "DMSans_24pt-Italic.ttf"; path = "../assets/fonts/DMSans_24pt-Italic.ttf"; sourceTree = "<group>"; fileEncoding = undefined; lastKnownFileType = unknown; explicitFileType = undefined; includeInIndex = 0; };
		C4B2EFF2FFFF4353ABABD313 /* DMSans_24pt-Light.ttf */ = {isa = PBXFileReference; name = "DMSans_24pt-Light.ttf"; path = "../assets/fonts/DMSans_24pt-Light.ttf"; sourceTree = "<group>"; fileEncoding = undefined; lastKnownFileType = unknown; explicitFileType = undefined; includeInIndex = 0; };
		D27CC1F7F03E4BD6BD3846B9 /* DMSans_24pt-LightItalic.ttf */ = {isa = PBXFileReference; name = "DMSans_24pt-LightItalic.ttf"; path = "../assets/fonts/DMSans_24pt-LightItalic.ttf"; sourceTree = "<group>"; fileEncoding = undefined; lastKnownFileType = unknown; explicitFileType = undefined; includeInIndex = 0; };
		EF74AF63411545E48659D6D5 /* DMSans_24pt-Medium.ttf */ = {isa = PBXFileReference; name = "DMSans_24pt-Medium.ttf"; path = "../assets/fonts/DMSans_24pt-Medium.ttf"; sourceTree = "<group>"; fileEncoding = undefined; lastKnownFileType = unknown; explicitFileType = undefined; includeInIndex = 0; };
		728C1B12F73D4F6EB36570C1 /* DMSans_24pt-MediumItalic.ttf */ = {isa = PBXFileReference; name = "DMSans_24pt-MediumItalic.ttf"; path = "../assets/fonts/DMSans_24pt-MediumItalic.ttf"; sourceTree = "<group>"; fileEncoding = undefined; lastKnownFileType = unknown; explicitFileType = undefined; includeInIndex = 0; };
		0FB14531F32A4FFFA638F317 /* DMSans_24pt-Regular.ttf */ = {isa = PBXFileReference; name = "DMSans_24pt-Regular.ttf"; path = "../assets/fonts/DMSans_24pt-Regular.ttf"; sourceTree = "<group>"; fileEncoding = undefined; lastKnownFileType = unknown; explicitFileType = undefined; includeInIndex = 0; };
		402E9E4B17314FFBA0E05353 /* DMSans_24pt-SemiBold.ttf */ = {isa = PBXFileReference; name = "DMSans_24pt-SemiBold.ttf"; path = "../assets/fonts/DMSans_24pt-SemiBold.ttf"; sourceTree = "<group>"; fileEncoding = undefined; lastKnownFileType = unknown; explicitFileType = undefined; includeInIndex = 0; };
		6FEEFCC5E1AE474683458BEE /* DMSans_24pt-SemiBoldItalic.ttf */ = {isa = PBXFileReference; name = "DMSans_24pt-SemiBoldItalic.ttf"; path = "../assets/fonts/DMSans_24pt-SemiBoldItalic.ttf"; sourceTree = "<group>"; fileEncoding = undefined; lastKnownFileType = unknown; explicitFileType = undefined; includeInIndex = 0; };
		564C1DE9F43040FFB3563724 /* DMSans_24pt-Thin.ttf */ = {isa = PBXFileReference; name = "DMSans_24pt-Thin.ttf"; path = "../assets/fonts/DMSans_24pt-Thin.ttf"; sourceTree = "<group>"; fileEncoding = undefined; lastKnownFileType = unknown; explicitFileType = undefined; includeInIndex = 0; };
		0BFDC7D4CB8D4458B08BE7AF /* DMSans_24pt-ThinItalic.ttf */ = {isa = PBXFileReference; name = "DMSans_24pt-ThinItalic.ttf"; path = "../assets/fonts/DMSans_24pt-ThinItalic.ttf"; sourceTree = "<group>"; fileEncoding = undefined; lastKnownFileType = unknown; explicitFileType = undefined; includeInIndex = 0; };
		0F71D3ED4DF3458C863328AA /* DMSans_36pt-Black.ttf */ = {isa = PBXFileReference; name = "DMSans_36pt-Black.ttf"; path = "../assets/fonts/DMSans_36pt-Black.ttf"; sourceTree = "<group>"; fileEncoding = undefined; lastKnownFileType = unknown; explicitFileType = undefined; includeInIndex = 0; };
		0FD5C54E1C0A4C4BBD230064 /* DMSans_36pt-BlackItalic.ttf */ = {isa = PBXFileReference; name = "DMSans_36pt-BlackItalic.ttf"; path = "../assets/fonts/DMSans_36pt-BlackItalic.ttf"; sourceTree = "<group>"; fileEncoding = undefined; lastKnownFileType = unknown; explicitFileType = undefined; includeInIndex = 0; };
		1C80769DF1574275886E347C /* DMSans_36pt-Bold.ttf */ = {isa = PBXFileReference; name = "DMSans_36pt-Bold.ttf"; path = "../assets/fonts/DMSans_36pt-Bold.ttf"; sourceTree = "<group>"; fileEncoding = undefined; lastKnownFileType = unknown; explicitFileType = undefined; includeInIndex = 0; };
		CF69AB034B9F4E2D89DF3D51 /* DMSans_36pt-BoldItalic.ttf */ = {isa = PBXFileReference; name = "DMSans_36pt-BoldItalic.ttf"; path = "../assets/fonts/DMSans_36pt-BoldItalic.ttf"; sourceTree = "<group>"; fileEncoding = undefined; lastKnownFileType = unknown; explicitFileType = undefined; includeInIndex = 0; };
		556AD7ED20E347738BF8BB8A /* DMSans_36pt-ExtraBold.ttf */ = {isa = PBXFileReference; name = "DMSans_36pt-ExtraBold.ttf"; path = "../assets/fonts/DMSans_36pt-ExtraBold.ttf"; sourceTree = "<group>"; fileEncoding = undefined; lastKnownFileType = unknown; explicitFileType = undefined; includeInIndex = 0; };
		B2DBDE7CF6244A8F858A63E6 /* DMSans_36pt-ExtraBoldItalic.ttf */ = {isa = PBXFileReference; name = "DMSans_36pt-ExtraBoldItalic.ttf"; path = "../assets/fonts/DMSans_36pt-ExtraBoldItalic.ttf"; sourceTree = "<group>"; fileEncoding = undefined; lastKnownFileType = unknown; explicitFileType = undefined; includeInIndex = 0; };
		AC47C9C4985C45DEA3A3E55C /* DMSans_36pt-ExtraLight.ttf */ = {isa = PBXFileReference; name = "DMSans_36pt-ExtraLight.ttf"; path = "../assets/fonts/DMSans_36pt-ExtraLight.ttf"; sourceTree = "<group>"; fileEncoding = undefined; lastKnownFileType = unknown; explicitFileType = undefined; includeInIndex = 0; };
		A2BE804FE98C4F93BDBC4A15 /* DMSans_36pt-ExtraLightItalic.ttf */ = {isa = PBXFileReference; name = "DMSans_36pt-ExtraLightItalic.ttf"; path = "../assets/fonts/DMSans_36pt-ExtraLightItalic.ttf"; sourceTree = "<group>"; fileEncoding = undefined; lastKnownFileType = unknown; explicitFileType = undefined; includeInIndex = 0; };
		A357CBD4945F4F7895E48B7D /* DMSans_36pt-Italic.ttf */ = {isa = PBXFileReference; name = "DMSans_36pt-Italic.ttf"; path = "../assets/fonts/DMSans_36pt-Italic.ttf"; sourceTree = "<group>"; fileEncoding = undefined; lastKnownFileType = unknown; explicitFileType = undefined; includeInIndex = 0; };
		A385727BAF9B4FC9B19C8254 /* DMSans_36pt-Light.ttf */ = {isa = PBXFileReference; name = "DMSans_36pt-Light.ttf"; path = "../assets/fonts/DMSans_36pt-Light.ttf"; sourceTree = "<group>"; fileEncoding = undefined; lastKnownFileType = unknown; explicitFileType = undefined; includeInIndex = 0; };
		1508D5C7417243049AA3DA46 /* DMSans_36pt-LightItalic.ttf */ = {isa = PBXFileReference; name = "DMSans_36pt-LightItalic.ttf"; path = "../assets/fonts/DMSans_36pt-LightItalic.ttf"; sourceTree = "<group>"; fileEncoding = undefined; lastKnownFileType = unknown; explicitFileType = undefined; includeInIndex = 0; };
		601A5BFC34F94223B77615ED /* DMSans_36pt-Medium.ttf */ = {isa = PBXFileReference; name = "DMSans_36pt-Medium.ttf"; path = "../assets/fonts/DMSans_36pt-Medium.ttf"; sourceTree = "<group>"; fileEncoding = undefined; lastKnownFileType = unknown; explicitFileType = undefined; includeInIndex = 0; };
		C74A299EEBCC44F081A47333 /* DMSans_36pt-MediumItalic.ttf */ = {isa = PBXFileReference; name = "DMSans_36pt-MediumItalic.ttf"; path = "../assets/fonts/DMSans_36pt-MediumItalic.ttf"; sourceTree = "<group>"; fileEncoding = undefined; lastKnownFileType = unknown; explicitFileType = undefined; includeInIndex = 0; };
		54878F75EC00451E886E4CBE /* DMSans_36pt-Regular.ttf */ = {isa = PBXFileReference; name = "DMSans_36pt-Regular.ttf"; path = "../assets/fonts/DMSans_36pt-Regular.ttf"; sourceTree = "<group>"; fileEncoding = undefined; lastKnownFileType = unknown; explicitFileType = undefined; includeInIndex = 0; };
		FE584F07F2BD4984A1E1DD0C /* DMSans_36pt-SemiBold.ttf */ = {isa = PBXFileReference; name = "DMSans_36pt-SemiBold.ttf"; path = "../assets/fonts/DMSans_36pt-SemiBold.ttf"; sourceTree = "<group>"; fileEncoding = undefined; lastKnownFileType = unknown; explicitFileType = undefined; includeInIndex = 0; };
		FECD8CEB88124D6AA3F2BEB7 /* DMSans_36pt-SemiBoldItalic.ttf */ = {isa = PBXFileReference; name = "DMSans_36pt-SemiBoldItalic.ttf"; path = "../assets/fonts/DMSans_36pt-SemiBoldItalic.ttf"; sourceTree = "<group>"; fileEncoding = undefined; lastKnownFileType = unknown; explicitFileType = undefined; includeInIndex = 0; };
		1CFC0CBCE09548F0820DB799 /* DMSans_36pt-Thin.ttf */ = {isa = PBXFileReference; name = "DMSans_36pt-Thin.ttf"; path = "../assets/fonts/DMSans_36pt-Thin.ttf"; sourceTree = "<group>"; fileEncoding = undefined; lastKnownFileType = unknown; explicitFileType = undefined; includeInIndex = 0; };
		DD3219E56DB44E7191CE25D0 /* DMSans_36pt-ThinItalic.ttf */ = {isa = PBXFileReference; name = "DMSans_36pt-ThinItalic.ttf"; path = "../assets/fonts/DMSans_36pt-ThinItalic.ttf"; sourceTree = "<group>"; fileEncoding = undefined; lastKnownFileType = unknown; explicitFileType = undefined; includeInIndex = 0; };
/* End PBXFileReference section */

/* Begin PBXFrameworksBuildPhase section */
		13B07F8C1A680F5B00A75B9A /* Frameworks */ = {
			isa = PBXFrameworksBuildPhase;
			buildActionMask = 2147483647;
			files = (
				0C80B921A6F3F58F76C31292 /* libPods-QuestED.a in Frameworks */,
			);
			runOnlyForDeploymentPostprocessing = 0;
		};
/* End PBXFrameworksBuildPhase section */

/* Begin PBXGroup section */
		00E356F01AD99517003FC87E /* Supporting Files */ = {
			isa = PBXGroup;
			children = (
				00E356F11AD99517003FC87E /* Info.plist */,
			);
			name = "Supporting Files";
			sourceTree = "<group>";
		};
		13B07FAE1A68108700A75B9A /* QuestED */ = {
			isa = PBXGroup;
			children = (
				13B07FB51A68108700A75B9A /* Images.xcassets */,
				761780EC2CA45674006654EE /* AppDelegate.swift */,
				13B07FB61A68108700A75B9A /* Info.plist */,
				81AB9BB72411601600AC10FF /* LaunchScreen.storyboard */,
				13B07FB81A68108700A75B9A /* PrivacyInfo.xcprivacy */,
			);
			name = QuestED;
			sourceTree = "<group>";
		};
		2D16E6871FA4F8E400B85C8A /* Frameworks */ = {
			isa = PBXGroup;
			children = (
				ED297162215061F000B7C4FE /* JavaScriptCore.framework */,
				5DCACB8F33CDC322A6C60F78 /* libPods-QuestED.a */,
			);
			name = Frameworks;
			sourceTree = "<group>";
		};
		832341AE1AAA6A7D00B99B32 /* Libraries */ = {
			isa = PBXGroup;
			children = (
			);
			name = Libraries;
			sourceTree = "<group>";
		};
		83CBB9F61A601CBA00E9B192 = {
			isa = PBXGroup;
			children = (
				13B07FAE1A68108700A75B9A /* QuestED */,
				832341AE1AAA6A7D00B99B32 /* Libraries */,
				83CBBA001A601CBA00E9B192 /* Products */,
				2D16E6871FA4F8E400B85C8A /* Frameworks */,
				BBD78D7AC51CEA395F1C20DB /* Pods */,
				B765D85929D548E18C9EE1D4 /* Resources */,
			);
			indentWidth = 2;
			sourceTree = "<group>";
			tabWidth = 2;
			usesTabs = 0;
		};
		83CBBA001A601CBA00E9B192 /* Products */ = {
			isa = PBXGroup;
			children = (
				13B07F961A680F5B00A75B9A /* QuestED.app */,
			);
			name = Products;
			sourceTree = "<group>";
		};
		BBD78D7AC51CEA395F1C20DB /* Pods */ = {
			isa = PBXGroup;
			children = (
				3B4392A12AC88292D35C810B /* Pods-QuestED.debug.xcconfig */,
				5709B34CF0A7D63546082F79 /* Pods-QuestED.release.xcconfig */,
			);
			path = Pods;
			sourceTree = "<group>";
		};
		B765D85929D548E18C9EE1D4 /* Resources */ = {
			isa = "PBXGroup";
			children = (
				CD7FD0064E8847088E7685C4 /* DMSans-Black.ttf */,
				25A2DAEA6F6D4B6C995FCEB2 /* DMSans-BlackItalic.ttf */,
				5BAF1B6187344FD2A01451CA /* DMSans-Bold.ttf */,
				D1FAD437902E4E149B494953 /* DMSans-BoldItalic.ttf */,
				752FB8ADEA59452FB38A6B32 /* DMSans-ExtraBold.ttf */,
				C6AF907F30D941C68A1499B3 /* DMSans-ExtraBoldItalic.ttf */,
				06317B495A954E88A329BEEE /* DMSans-ExtraLight.ttf */,
				252742DE216C430BB3E8851F /* DMSans-ExtraLightItalic.ttf */,
				5A629C1E614A406586AE071F /* DMSans-Italic.ttf */,
				6510E109890E4D07A830B89D /* DMSans-Light.ttf */,
				4E760A18085D4A4887E8CA1F /* DMSans-LightItalic.ttf */,
				E2F9092ECD2049F2811BB586 /* DMSans-Medium.ttf */,
				0B6688ABF0B747298085C121 /* DMSans-MediumItalic.ttf */,
				8BED05F804564914AF9C655A /* DMSans-Regular.ttf */,
				6C063BFC5195489CB055F421 /* DMSans-SemiBold.ttf */,
				338D6BA165E5446CA4730D3B /* DMSans-SemiBoldItalic.ttf */,
				DEC619B3E9D542D6AF4204FE /* DMSans-Thin.ttf */,
				7BFBC62C2FA044B2B8E7955F /* DMSans-ThinItalic.ttf */,
				7AE89C7CC7F041C897D6210C /* DMSans_18pt-Black.ttf */,
				2ADCD435FA344E1288F1650B /* DMSans_18pt-BlackItalic.ttf */,
				8E91405E299C47F39C351D81 /* DMSans_18pt-Bold.ttf */,
				B36339CA27654506A459BF85 /* DMSans_18pt-BoldItalic.ttf */,
				7E76E4CBCA0146ACA7121E36 /* DMSans_18pt-ExtraBold.ttf */,
				793F5A3A7E71413EAFBA5B8D /* DMSans_18pt-ExtraBoldItalic.ttf */,
				BB828E6AA2C34345AB326DCE /* DMSans_18pt-ExtraLight.ttf */,
				D4CBBEF6C86E4F308FD086ED /* DMSans_18pt-ExtraLightItalic.ttf */,
				3548F85638EC404C88B3D899 /* DMSans_18pt-Italic.ttf */,
				078BA48CCAC14EF095B4008C /* DMSans_18pt-Light.ttf */,
				C4BDFEBC165940C4B5454581 /* DMSans_18pt-LightItalic.ttf */,
				7F860359CC5D4B01803D42BE /* DMSans_18pt-Medium.ttf */,
				8BE65587AAA1429CAD21EC8C /* DMSans_18pt-MediumItalic.ttf */,
				E5FF2E31E8474F3BAFCD8493 /* DMSans_18pt-Regular.ttf */,
				7EB8BEB8D7C6431B958C644B /* DMSans_18pt-SemiBold.ttf */,
				5E4B9A4EE93F462E9ACB1C8E /* DMSans_18pt-SemiBoldItalic.ttf */,
				9DD97AE95CDE4854A97EDB62 /* DMSans_18pt-Thin.ttf */,
				ADF36D87A3114FFDBD73D062 /* DMSans_18pt-ThinItalic.ttf */,
				F6BB2A2224844F86B10D274E /* DMSans_24pt-Black.ttf */,
				86543C5E2F0A41B797FD6E4E /* DMSans_24pt-BlackItalic.ttf */,
				5D19C3FAAF3D4EA8A7DF5066 /* DMSans_24pt-Bold.ttf */,
				78C36ADB16FE42C48B968BBD /* DMSans_24pt-BoldItalic.ttf */,
				C68DF96FD1634678811C1D34 /* DMSans_24pt-ExtraBold.ttf */,
				E573F80AA559409395951996 /* DMSans_24pt-ExtraBoldItalic.ttf */,
				33D6D8871432445BA95C6BCC /* DMSans_24pt-ExtraLight.ttf */,
				7D8E817189224397BBF480B4 /* DMSans_24pt-ExtraLightItalic.ttf */,
				49D788B08DBF42B5987A285D /* DMSans_24pt-Italic.ttf */,
				C4B2EFF2FFFF4353ABABD313 /* DMSans_24pt-Light.ttf */,
				D27CC1F7F03E4BD6BD3846B9 /* DMSans_24pt-LightItalic.ttf */,
				EF74AF63411545E48659D6D5 /* DMSans_24pt-Medium.ttf */,
				728C1B12F73D4F6EB36570C1 /* DMSans_24pt-MediumItalic.ttf */,
				0FB14531F32A4FFFA638F317 /* DMSans_24pt-Regular.ttf */,
				402E9E4B17314FFBA0E05353 /* DMSans_24pt-SemiBold.ttf */,
				6FEEFCC5E1AE474683458BEE /* DMSans_24pt-SemiBoldItalic.ttf */,
				564C1DE9F43040FFB3563724 /* DMSans_24pt-Thin.ttf */,
				0BFDC7D4CB8D4458B08BE7AF /* DMSans_24pt-ThinItalic.ttf */,
				0F71D3ED4DF3458C863328AA /* DMSans_36pt-Black.ttf */,
				0FD5C54E1C0A4C4BBD230064 /* DMSans_36pt-BlackItalic.ttf */,
				1C80769DF1574275886E347C /* DMSans_36pt-Bold.ttf */,
				CF69AB034B9F4E2D89DF3D51 /* DMSans_36pt-BoldItalic.ttf */,
				556AD7ED20E347738BF8BB8A /* DMSans_36pt-ExtraBold.ttf */,
				B2DBDE7CF6244A8F858A63E6 /* DMSans_36pt-ExtraBoldItalic.ttf */,
				AC47C9C4985C45DEA3A3E55C /* DMSans_36pt-ExtraLight.ttf */,
				A2BE804FE98C4F93BDBC4A15 /* DMSans_36pt-ExtraLightItalic.ttf */,
				A357CBD4945F4F7895E48B7D /* DMSans_36pt-Italic.ttf */,
				A385727BAF9B4FC9B19C8254 /* DMSans_36pt-Light.ttf */,
				1508D5C7417243049AA3DA46 /* DMSans_36pt-LightItalic.ttf */,
				601A5BFC34F94223B77615ED /* DMSans_36pt-Medium.ttf */,
				C74A299EEBCC44F081A47333 /* DMSans_36pt-MediumItalic.ttf */,
				54878F75EC00451E886E4CBE /* DMSans_36pt-Regular.ttf */,
				FE584F07F2BD4984A1E1DD0C /* DMSans_36pt-SemiBold.ttf */,
				FECD8CEB88124D6AA3F2BEB7 /* DMSans_36pt-SemiBoldItalic.ttf */,
				1CFC0CBCE09548F0820DB799 /* DMSans_36pt-Thin.ttf */,
				DD3219E56DB44E7191CE25D0 /* DMSans_36pt-ThinItalic.ttf */,
			);
			name = Resources;
			sourceTree = "<group>";
			path = "";
		};
/* End PBXGroup section */

/* Begin PBXNativeTarget section */
		13B07F861A680F5B00A75B9A /* QuestED */ = {
			isa = PBXNativeTarget;
			buildConfigurationList = 13B07F931A680F5B00A75B9A /* Build configuration list for PBXNativeTarget "QuestED" */;
			buildPhases = (
				C38B50BA6285516D6DCD4F65 /* [CP] Check Pods Manifest.lock */,
				13B07F871A680F5B00A75B9A /* Sources */,
				13B07F8C1A680F5B00A75B9A /* Frameworks */,
				13B07F8E1A680F5B00A75B9A /* Resources */,
				00DD1BFF1BD5951E006B06BC /* Bundle React Native code and images */,
				00EEFC60759A1932668264C0 /* [CP] Embed Pods Frameworks */,
				E235C05ADACE081382539298 /* [CP] Copy Pods Resources */,
			);
			buildRules = (
			);
			dependencies = (
			);
			name = QuestED;
			productName = QuestED;
			productReference = 13B07F961A680F5B00A75B9A /* QuestED.app */;
			productType = "com.apple.product-type.application";
		};
/* End PBXNativeTarget section */

/* Begin PBXProject section */
		83CBB9F71A601CBA00E9B192 /* Project object */ = {
			isa = PBXProject;
			attributes = {
				LastUpgradeCheck = 1210;
				TargetAttributes = {
					13B07F861A680F5B00A75B9A = {
						LastSwiftMigration = 1120;
					};
				};
			};
			buildConfigurationList = 83CBB9FA1A601CBA00E9B192 /* Build configuration list for PBXProject "QuestED" */;
			compatibilityVersion = "Xcode 12.0";
			developmentRegion = en;
			hasScannedForEncodings = 0;
			knownRegions = (
				en,
				Base,
			);
			mainGroup = 83CBB9F61A601CBA00E9B192;
			productRefGroup = 83CBBA001A601CBA00E9B192 /* Products */;
			projectDirPath = "";
			projectRoot = "";
			targets = (
				13B07F861A680F5B00A75B9A /* QuestED */,
			);
		};
/* End PBXProject section */

/* Begin PBXResourcesBuildPhase section */
		00E356EC1AD99517003FC87E /* Resources */ = {
			isa = PBXResourcesBuildPhase;
			buildActionMask = 2147483647;
			files = (
			);
			runOnlyForDeploymentPostprocessing = 0;
		};
		13B07F8E1A680F5B00A75B9A /* Resources */ = {
			isa = PBXResourcesBuildPhase;
			buildActionMask = 2147483647;
			files = (
				81AB9BB82411601600AC10FF /* LaunchScreen.storyboard in Resources */,
				13B07FBF1A68108700A75B9A /* Images.xcassets in Resources */,
				5CF080C598FC45158C4AA92F /* DMSans-Black.ttf in Resources */,
				46E2F52A65DE4AD58BEE13F2 /* DMSans-BlackItalic.ttf in Resources */,
				BBD82D7AF1124BF5AFD87018 /* DMSans-Bold.ttf in Resources */,
				049A6599C6274FE2A0E70BC1 /* DMSans-BoldItalic.ttf in Resources */,
				84BEC7F5B0AA4A6496D84BDC /* DMSans-ExtraBold.ttf in Resources */,
				FB319EDE3C5040258F69168C /* DMSans-ExtraBoldItalic.ttf in Resources */,
				C0FA5F00155743D08D18785B /* DMSans-ExtraLight.ttf in Resources */,
				EE4E36B988574DBD9587573C /* DMSans-ExtraLightItalic.ttf in Resources */,
				D0A2AFD5F6644F9897E1403A /* DMSans-Italic.ttf in Resources */,
				F607AE3307AB441485AA68AD /* DMSans-Light.ttf in Resources */,
				4A0445169F564A97A046A314 /* DMSans-LightItalic.ttf in Resources */,
				3A44E4D8E28140E4B6A052FD /* DMSans-Medium.ttf in Resources */,
				E3EEB1E6F0804F8F90161A7D /* DMSans-MediumItalic.ttf in Resources */,
				F5B8715D54854B77B2469F54 /* DMSans-Regular.ttf in Resources */,
				2627A29288594FDEB73A5721 /* DMSans-SemiBold.ttf in Resources */,
				89B7B5B0F57A416FB366998F /* DMSans-SemiBoldItalic.ttf in Resources */,
				33E82DEFA69B4CC586E221AC /* DMSans-Thin.ttf in Resources */,
				49513FB6C77542389DF9DC74 /* DMSans-ThinItalic.ttf in Resources */,
				C361EE0418D14E7383B28D18 /* DMSans_18pt-Black.ttf in Resources */,
				217F255A16964FC093B517CC /* DMSans_18pt-BlackItalic.ttf in Resources */,
				4F7D754487F440CEBC8D2B95 /* DMSans_18pt-Bold.ttf in Resources */,
				9F7BFF373EA94AB189F594FA /* DMSans_18pt-BoldItalic.ttf in Resources */,
				7AB9EB98B6CC45239E285751 /* DMSans_18pt-ExtraBold.ttf in Resources */,
				0306C52E0DAE44E895008111 /* DMSans_18pt-ExtraBoldItalic.ttf in Resources */,
				A7BEEB12CA834495A8F65904 /* DMSans_18pt-ExtraLight.ttf in Resources */,
				01A63882137C4DA18D3EE845 /* DMSans_18pt-ExtraLightItalic.ttf in Resources */,
				4890C403142E4239852A715A /* DMSans_18pt-Italic.ttf in Resources */,
				160EAF1A00444F0990289DA6 /* DMSans_18pt-Light.ttf in Resources */,
				E6F83E6E1B2A47ABAC24C7E8 /* DMSans_18pt-LightItalic.ttf in Resources */,
				2F000E6C7F514D779D125BA6 /* DMSans_18pt-Medium.ttf in Resources */,
				4C477E530086420F87808EBC /* DMSans_18pt-MediumItalic.ttf in Resources */,
				6B1591EB2B924A468FDDC1E7 /* DMSans_18pt-Regular.ttf in Resources */,
				C690820FBE4D4D0A897DE9A8 /* DMSans_18pt-SemiBold.ttf in Resources */,
				04FAA87645A342A69B1CCD85 /* DMSans_18pt-SemiBoldItalic.ttf in Resources */,
				CBA84D989A4046839A0DF11E /* DMSans_18pt-Thin.ttf in Resources */,
				F594C676C8774B23A51607A1 /* DMSans_18pt-ThinItalic.ttf in Resources */,
				5AE3814A4D3E4B7C8742D72D /* DMSans_24pt-Black.ttf in Resources */,
				77704AD67F42445E9FBCF36A /* DMSans_24pt-BlackItalic.ttf in Resources */,
				C0262D5EFAFA49E693073C73 /* DMSans_24pt-Bold.ttf in Resources */,
				44B2FCCB737642B381080D95 /* DMSans_24pt-BoldItalic.ttf in Resources */,
				4B357B1F2A75499888B668EC /* DMSans_24pt-ExtraBold.ttf in Resources */,
				EC9F6053257D4FECA932A557 /* DMSans_24pt-ExtraBoldItalic.ttf in Resources */,
				D52A951D254041BDAA547B0B /* DMSans_24pt-ExtraLight.ttf in Resources */,
				2972889361D14DDFB56064BC /* DMSans_24pt-ExtraLightItalic.ttf in Resources */,
				66FD73BCCD4F445BAA185340 /* DMSans_24pt-Italic.ttf in Resources */,
				9A4EC49CDA5F472A8A5A2167 /* DMSans_24pt-Light.ttf in Resources */,
				0F3AC458BFE64DC3A57FDB28 /* DMSans_24pt-LightItalic.ttf in Resources */,
				D310D6FA43CF4ACF997F95DA /* DMSans_24pt-Medium.ttf in Resources */,
				4D51C338BF8A4794A7CDD720 /* DMSans_24pt-MediumItalic.ttf in Resources */,
				DB9431B5005E4D46A5DD2EBA /* DMSans_24pt-Regular.ttf in Resources */,
				9ADF6FCB010241568BAD91AC /* DMSans_24pt-SemiBold.ttf in Resources */,
				2DA5F93D0B5F46F69A32DABC /* DMSans_24pt-SemiBoldItalic.ttf in Resources */,
				0145B659A72E4E428AE02DF1 /* DMSans_24pt-Thin.ttf in Resources */,
				DBB22096393740E0B9EC3B80 /* DMSans_24pt-ThinItalic.ttf in Resources */,
				41DC963DF9F1458489736978 /* DMSans_36pt-Black.ttf in Resources */,
				851CBC2C76964245AD53D602 /* DMSans_36pt-BlackItalic.ttf in Resources */,
				AFCFA0D7D6C54F5FB838DA75 /* DMSans_36pt-Bold.ttf in Resources */,
				7FDA4660FDC145728285650A /* DMSans_36pt-BoldItalic.ttf in Resources */,
				0788CB48F55E46C985E27BD6 /* DMSans_36pt-ExtraBold.ttf in Resources */,
				5E442A4B112640E6A8EE9B0C /* DMSans_36pt-ExtraBoldItalic.ttf in Resources */,
				B874170F75824BFF8D92604E /* DMSans_36pt-ExtraLight.ttf in Resources */,
				1865112D77E14652B2EC2C7F /* DMSans_36pt-ExtraLightItalic.ttf in Resources */,
				31BDDDDFD36C4958962FB06D /* DMSans_36pt-Italic.ttf in Resources */,
				5D6A0EA05D174CE9A0B61953 /* DMSans_36pt-Light.ttf in Resources */,
				D35B69CB17FC4903836945F9 /* DMSans_36pt-LightItalic.ttf in Resources */,
				DF324D6C599441E8B5DB90BD /* DMSans_36pt-Medium.ttf in Resources */,
				82FB22F851234BEAAD1343E0 /* DMSans_36pt-MediumItalic.ttf in Resources */,
				F8C7DCA6BE474D198761BCA7 /* DMSans_36pt-Regular.ttf in Resources */,
				B7E83DE68A61476DACA981D2 /* DMSans_36pt-SemiBold.ttf in Resources */,
				505E4470B1AF45668AEFC2DE /* DMSans_36pt-SemiBoldItalic.ttf in Resources */,
				B31DE4C7D1D64E408F0CE623 /* DMSans_36pt-Thin.ttf in Resources */,
				5B415CB641A147BE9A1EC87A /* DMSans_36pt-ThinItalic.ttf in Resources */,
			);
			runOnlyForDeploymentPostprocessing = 0;
		};
/* End PBXResourcesBuildPhase section */

/* Begin PBXShellScriptBuildPhase section */
		00DD1BFF1BD5951E006B06BC /* Bundle React Native code and images */ = {
			isa = PBXShellScriptBuildPhase;
			buildActionMask = 2147483647;
			files = (
			);
			inputPaths = (
				"$(SRCROOT)/.xcode.env.local",
				"$(SRCROOT)/.xcode.env",
			);
			name = "Bundle React Native code and images";
			outputPaths = (
			);
			runOnlyForDeploymentPostprocessing = 0;
			shellPath = /bin/sh;
			shellScript = "set -e\n\nWITH_ENVIRONMENT=\"$REACT_NATIVE_PATH/scripts/xcode/with-environment.sh\"\nREACT_NATIVE_XCODE=\"$REACT_NATIVE_PATH/scripts/react-native-xcode.sh\"\n\n/bin/sh -c \"$WITH_ENVIRONMENT $REACT_NATIVE_XCODE\"\n";
		};
		00EEFC60759A1932668264C0 /* [CP] Embed Pods Frameworks */ = {
			isa = PBXShellScriptBuildPhase;
			buildActionMask = 2147483647;
			files = (
			);
			inputFileListPaths = (
				"${PODS_ROOT}/Target Support Files/Pods-QuestED/Pods-QuestED-frameworks-${CONFIGURATION}-input-files.xcfilelist",
			);
			name = "[CP] Embed Pods Frameworks";
			outputFileListPaths = (
				"${PODS_ROOT}/Target Support Files/Pods-QuestED/Pods-QuestED-frameworks-${CONFIGURATION}-output-files.xcfilelist",
			);
			runOnlyForDeploymentPostprocessing = 0;
			shellPath = /bin/sh;
			shellScript = "\"${PODS_ROOT}/Target Support Files/Pods-QuestED/Pods-QuestED-frameworks.sh\"\n";
			showEnvVarsInLog = 0;
		};
		C38B50BA6285516D6DCD4F65 /* [CP] Check Pods Manifest.lock */ = {
			isa = PBXShellScriptBuildPhase;
			buildActionMask = 2147483647;
			files = (
			);
			inputFileListPaths = (
			);
			inputPaths = (
				"${PODS_PODFILE_DIR_PATH}/Podfile.lock",
				"${PODS_ROOT}/Manifest.lock",
			);
			name = "[CP] Check Pods Manifest.lock";
			outputFileListPaths = (
			);
			outputPaths = (
				"$(DERIVED_FILE_DIR)/Pods-QuestED-checkManifestLockResult.txt",
			);
			runOnlyForDeploymentPostprocessing = 0;
			shellPath = /bin/sh;
			shellScript = "diff \"${PODS_PODFILE_DIR_PATH}/Podfile.lock\" \"${PODS_ROOT}/Manifest.lock\" > /dev/null\nif [ $? != 0 ] ; then\n    # print error to STDERR\n    echo \"error: The sandbox is not in sync with the Podfile.lock. Run 'pod install' or update your CocoaPods installation.\" >&2\n    exit 1\nfi\n# This output is used by Xcode 'outputs' to avoid re-running this script phase.\necho \"SUCCESS\" > \"${SCRIPT_OUTPUT_FILE_0}\"\n";
			showEnvVarsInLog = 0;
		};
		E235C05ADACE081382539298 /* [CP] Copy Pods Resources */ = {
			isa = PBXShellScriptBuildPhase;
			buildActionMask = 2147483647;
			files = (
			);
			inputFileListPaths = (
				"${PODS_ROOT}/Target Support Files/Pods-QuestED/Pods-QuestED-resources-${CONFIGURATION}-input-files.xcfilelist",
			);
			name = "[CP] Copy Pods Resources";
			outputFileListPaths = (
				"${PODS_ROOT}/Target Support Files/Pods-QuestED/Pods-QuestED-resources-${CONFIGURATION}-output-files.xcfilelist",
			);
			runOnlyForDeploymentPostprocessing = 0;
			shellPath = /bin/sh;
			shellScript = "\"${PODS_ROOT}/Target Support Files/Pods-QuestED/Pods-QuestED-resources.sh\"\n";
			showEnvVarsInLog = 0;
		};
/* End PBXShellScriptBuildPhase section */

/* Begin PBXSourcesBuildPhase section */
		13B07F871A680F5B00A75B9A /* Sources */ = {
			isa = PBXSourcesBuildPhase;
			buildActionMask = 2147483647;
			files = (
				761780ED2CA45674006654EE /* AppDelegate.swift in Sources */,
			);
			runOnlyForDeploymentPostprocessing = 0;
		};
/* End PBXSourcesBuildPhase section */

/* Begin PBXTargetDependency section */
		00E356F51AD99517003FC87E /* PBXTargetDependency */ = {
			isa = PBXTargetDependency;
			target = 13B07F861A680F5B00A75B9A /* QuestED */;
			targetProxy = 00E356F41AD99517003FC87E /* PBXContainerItemProxy */;
		};
/* End PBXTargetDependency section */

/* Begin XCBuildConfiguration section */
		13B07F941A680F5B00A75B9A /* Debug */ = {
			isa = XCBuildConfiguration;
			baseConfigurationReference = 3B4392A12AC88292D35C810B /* Pods-QuestED.debug.xcconfig */;
			buildSettings = {
				ASSETCATALOG_COMPILER_APPICON_NAME = AppIcon;
				CLANG_ENABLE_MODULES = YES;
				CURRENT_PROJECT_VERSION = 1;
				ENABLE_BITCODE = NO;
				INFOPLIST_FILE = QuestED/Info.plist;
				IPHONEOS_DEPLOYMENT_TARGET = 15.1;
				LD_RUNPATH_SEARCH_PATHS = (
					"$(inherited)",
					"@executable_path/Frameworks",
				);
				MARKETING_VERSION = 1.0;
				OTHER_LDFLAGS = (
					"$(inherited)",
					"-ObjC",
					"-lc++",
				);
				PRODUCT_BUNDLE_IDENTIFIER = "org.reactjs.native.example.$(PRODUCT_NAME:rfc1034identifier)";
				PRODUCT_NAME = QuestED;
				SWIFT_OPTIMIZATION_LEVEL = "-Onone";
				SWIFT_VERSION = 5.0;
				VERSIONING_SYSTEM = "apple-generic";
			};
			name = Debug;
		};
		13B07F951A680F5B00A75B9A /* Release */ = {
			isa = XCBuildConfiguration;
			baseConfigurationReference = 5709B34CF0A7D63546082F79 /* Pods-QuestED.release.xcconfig */;
			buildSettings = {
				ASSETCATALOG_COMPILER_APPICON_NAME = AppIcon;
				CLANG_ENABLE_MODULES = YES;
				CURRENT_PROJECT_VERSION = 1;
				INFOPLIST_FILE = QuestED/Info.plist;
				IPHONEOS_DEPLOYMENT_TARGET = 15.1;
				LD_RUNPATH_SEARCH_PATHS = (
					"$(inherited)",
					"@executable_path/Frameworks",
				);
				MARKETING_VERSION = 1.0;
				OTHER_LDFLAGS = (
					"$(inherited)",
					"-ObjC",
					"-lc++",
				);
				PRODUCT_BUNDLE_IDENTIFIER = "org.reactjs.native.example.$(PRODUCT_NAME:rfc1034identifier)";
				PRODUCT_NAME = QuestED;
				SWIFT_VERSION = 5.0;
				VERSIONING_SYSTEM = "apple-generic";
			};
			name = Release;
		};
		83CBBA201A601CBA00E9B192 /* Debug */ = {
			isa = XCBuildConfiguration;
			buildSettings = {
				ALWAYS_SEARCH_USER_PATHS = NO;
				CLANG_ANALYZER_LOCALIZABILITY_NONLOCALIZED = YES;
				CLANG_CXX_LANGUAGE_STANDARD = "c++20";
				CLANG_CXX_LIBRARY = "libc++";
				CLANG_ENABLE_MODULES = YES;
				CLANG_ENABLE_OBJC_ARC = YES;
				CLANG_WARN_BLOCK_CAPTURE_AUTORELEASING = YES;
				CLANG_WARN_BOOL_CONVERSION = YES;
				CLANG_WARN_COMMA = YES;
				CLANG_WARN_CONSTANT_CONVERSION = YES;
				CLANG_WARN_DEPRECATED_OBJC_IMPLEMENTATIONS = YES;
				CLANG_WARN_DIRECT_OBJC_ISA_USAGE = YES_ERROR;
				CLANG_WARN_EMPTY_BODY = YES;
				CLANG_WARN_ENUM_CONVERSION = YES;
				CLANG_WARN_INFINITE_RECURSION = YES;
				CLANG_WARN_INT_CONVERSION = YES;
				CLANG_WARN_NON_LITERAL_NULL_CONVERSION = YES;
				CLANG_WARN_OBJC_IMPLICIT_RETAIN_SELF = YES;
				CLANG_WARN_OBJC_LITERAL_CONVERSION = YES;
				CLANG_WARN_OBJC_ROOT_CLASS = YES_ERROR;
				CLANG_WARN_QUOTED_INCLUDE_IN_FRAMEWORK_HEADER = YES;
				CLANG_WARN_RANGE_LOOP_ANALYSIS = YES;
				CLANG_WARN_STRICT_PROTOTYPES = YES;
				CLANG_WARN_SUSPICIOUS_MOVE = YES;
				CLANG_WARN_UNREACHABLE_CODE = YES;
				CLANG_WARN__DUPLICATE_METHOD_MATCH = YES;
				"CODE_SIGN_IDENTITY[sdk=iphoneos*]" = "iPhone Developer";
				COPY_PHASE_STRIP = NO;
				ENABLE_STRICT_OBJC_MSGSEND = YES;
				ENABLE_TESTABILITY = YES;
				"EXCLUDED_ARCHS[sdk=iphonesimulator*]" = "";
				GCC_C_LANGUAGE_STANDARD = gnu99;
				GCC_DYNAMIC_NO_PIC = NO;
				GCC_NO_COMMON_BLOCKS = YES;
				GCC_OPTIMIZATION_LEVEL = 0;
				GCC_PREPROCESSOR_DEFINITIONS = (
					"DEBUG=1",
					"$(inherited)",
				);
				GCC_SYMBOLS_PRIVATE_EXTERN = NO;
				GCC_WARN_64_TO_32_BIT_CONVERSION = YES;
				GCC_WARN_ABOUT_RETURN_TYPE = YES_ERROR;
				GCC_WARN_UNDECLARED_SELECTOR = YES;
				GCC_WARN_UNINITIALIZED_AUTOS = YES_AGGRESSIVE;
				GCC_WARN_UNUSED_FUNCTION = YES;
				GCC_WARN_UNUSED_VARIABLE = YES;
				IPHONEOS_DEPLOYMENT_TARGET = 15.1;
				LD_RUNPATH_SEARCH_PATHS = (
					/usr/lib/swift,
					"$(inherited)",
				);
				LIBRARY_SEARCH_PATHS = (
					"\"$(SDKROOT)/usr/lib/swift\"",
					"\"$(TOOLCHAIN_DIR)/usr/lib/swift/$(PLATFORM_NAME)\"",
					"\"$(inherited)\"",
				);
				MTL_ENABLE_DEBUG_INFO = YES;
				ONLY_ACTIVE_ARCH = YES;
				OTHER_CPLUSPLUSFLAGS = (
					"$(OTHER_CFLAGS)",
					"-DFOLLY_NO_CONFIG",
					"-DFOLLY_MOBILE=1",
					"-DFOLLY_USE_LIBCPP=1",
					"-DFOLLY_CFG_NO_COROUTINES=1",
					"-DFOLLY_HAVE_CLOCK_GETTIME=1",
				);
				SDKROOT = iphoneos;
			};
			name = Debug;
		};
		83CBBA211A601CBA00E9B192 /* Release */ = {
			isa = XCBuildConfiguration;
			buildSettings = {
				ALWAYS_SEARCH_USER_PATHS = NO;
				CLANG_ANALYZER_LOCALIZABILITY_NONLOCALIZED = YES;
				CLANG_CXX_LANGUAGE_STANDARD = "c++20";
				CLANG_CXX_LIBRARY = "libc++";
				CLANG_ENABLE_MODULES = YES;
				CLANG_ENABLE_OBJC_ARC = YES;
				CLANG_WARN_BLOCK_CAPTURE_AUTORELEASING = YES;
				CLANG_WARN_BOOL_CONVERSION = YES;
				CLANG_WARN_COMMA = YES;
				CLANG_WARN_CONSTANT_CONVERSION = YES;
				CLANG_WARN_DEPRECATED_OBJC_IMPLEMENTATIONS = YES;
				CLANG_WARN_DIRECT_OBJC_ISA_USAGE = YES_ERROR;
				CLANG_WARN_EMPTY_BODY = YES;
				CLANG_WARN_ENUM_CONVERSION = YES;
				CLANG_WARN_INFINITE_RECURSION = YES;
				CLANG_WARN_INT_CONVERSION = YES;
				CLANG_WARN_NON_LITERAL_NULL_CONVERSION = YES;
				CLANG_WARN_OBJC_IMPLICIT_RETAIN_SELF = YES;
				CLANG_WARN_OBJC_LITERAL_CONVERSION = YES;
				CLANG_WARN_OBJC_ROOT_CLASS = YES_ERROR;
				CLANG_WARN_QUOTED_INCLUDE_IN_FRAMEWORK_HEADER = YES;
				CLANG_WARN_RANGE_LOOP_ANALYSIS = YES;
				CLANG_WARN_STRICT_PROTOTYPES = YES;
				CLANG_WARN_SUSPICIOUS_MOVE = YES;
				CLANG_WARN_UNREACHABLE_CODE = YES;
				CLANG_WARN__DUPLICATE_METHOD_MATCH = YES;
				"CODE_SIGN_IDENTITY[sdk=iphoneos*]" = "iPhone Developer";
				COPY_PHASE_STRIP = YES;
				ENABLE_NS_ASSERTIONS = NO;
				ENABLE_STRICT_OBJC_MSGSEND = YES;
				"EXCLUDED_ARCHS[sdk=iphonesimulator*]" = "";
				GCC_C_LANGUAGE_STANDARD = gnu99;
				GCC_NO_COMMON_BLOCKS = YES;
				GCC_WARN_64_TO_32_BIT_CONVERSION = YES;
				GCC_WARN_ABOUT_RETURN_TYPE = YES_ERROR;
				GCC_WARN_UNDECLARED_SELECTOR = YES;
				GCC_WARN_UNINITIALIZED_AUTOS = YES_AGGRESSIVE;
				GCC_WARN_UNUSED_FUNCTION = YES;
				GCC_WARN_UNUSED_VARIABLE = YES;
				IPHONEOS_DEPLOYMENT_TARGET = 15.1;
				LD_RUNPATH_SEARCH_PATHS = (
					/usr/lib/swift,
					"$(inherited)",
				);
				LIBRARY_SEARCH_PATHS = (
					"\"$(SDKROOT)/usr/lib/swift\"",
					"\"$(TOOLCHAIN_DIR)/usr/lib/swift/$(PLATFORM_NAME)\"",
					"\"$(inherited)\"",
				);
				MTL_ENABLE_DEBUG_INFO = NO;
				OTHER_CPLUSPLUSFLAGS = (
					"$(OTHER_CFLAGS)",
					"-DFOLLY_NO_CONFIG",
					"-DFOLLY_MOBILE=1",
					"-DFOLLY_USE_LIBCPP=1",
					"-DFOLLY_CFG_NO_COROUTINES=1",
					"-DFOLLY_HAVE_CLOCK_GETTIME=1",
				);
				SDKROOT = iphoneos;
				VALIDATE_PRODUCT = YES;
			};
			name = Release;
		};
/* End XCBuildConfiguration section */

/* Begin XCConfigurationList section */
		13B07F931A680F5B00A75B9A /* Build configuration list for PBXNativeTarget "QuestED" */ = {
			isa = XCConfigurationList;
			buildConfigurations = (
				13B07F941A680F5B00A75B9A /* Debug */,
				13B07F951A680F5B00A75B9A /* Release */,
			);
			defaultConfigurationIsVisible = 0;
			defaultConfigurationName = Release;
		};
		83CBB9FA1A601CBA00E9B192 /* Build configuration list for PBXProject "QuestED" */ = {
			isa = XCConfigurationList;
			buildConfigurations = (
				83CBBA201A601CBA00E9B192 /* Debug */,
				83CBBA211A601CBA00E9B192 /* Release */,
			);
			defaultConfigurationIsVisible = 0;
			defaultConfigurationName = Release;
		};
/* End XCConfigurationList section */
	};
	rootObject = 83CBB9F71A601CBA00E9B192 /* Project object */;
}
